// !$*UTF8*$!
{
	archiveVersion = 1;
	classes = {
	};
	objectVersion = 51;
	objects = {

/* Begin PBXBuildFile section */
		36EFB68A23CCD6A8005752D5 /* AppDelegate.swift in Sources */ = {isa = PBXBuildFile; fileRef = 36EFB68923CCD6A8005752D5 /* AppDelegate.swift */; };
		36EFB68C23CCD6A8005752D5 /* SceneDelegate.swift in Sources */ = {isa = PBXBuildFile; fileRef = 36EFB68B23CCD6A8005752D5 /* SceneDelegate.swift */; };
		36EFB68E23CCD6A8005752D5 /* ContentView.swift in Sources */ = {isa = PBXBuildFile; fileRef = 36EFB68D23CCD6A8005752D5 /* ContentView.swift */; };
		36EFB69023CCD6AA005752D5 /* Assets.xcassets in Resources */ = {isa = PBXBuildFile; fileRef = 36EFB68F23CCD6AA005752D5 /* Assets.xcassets */; };
		36EFB69323CCD6AA005752D5 /* Preview Assets.xcassets in Resources */ = {isa = PBXBuildFile; fileRef = 36EFB69223CCD6AA005752D5 /* Preview Assets.xcassets */; };
		36EFB69623CCD6AA005752D5 /* LaunchScreen.storyboard in Resources */ = {isa = PBXBuildFile; fileRef = 36EFB69423CCD6AA005752D5 /* LaunchScreen.storyboard */; };
		36EFB6A123CCD6AA005752D5 /* pro_contactsTests.swift in Sources */ = {isa = PBXBuildFile; fileRef = 36EFB6A023CCD6AA005752D5 /* pro_contactsTests.swift */; };
		36EFB6AC23CCD6AA005752D5 /* pro_contactsUITests.swift in Sources */ = {isa = PBXBuildFile; fileRef = 36EFB6AB23CCD6AA005752D5 /* pro_contactsUITests.swift */; };
		36EFB6BC23CD52EB005752D5 /* User.swift in Sources */ = {isa = PBXBuildFile; fileRef = 36EFB6BB23CD52EB005752D5 /* User.swift */; };
		36EFB6BF23CD552D005752D5 /* FirebaseSession.swift in Sources */ = {isa = PBXBuildFile; fileRef = 36EFB6BE23CD552D005752D5 /* FirebaseSession.swift */; };
		36EFB6C223CD5EF8005752D5 /* LandingView.swift in Sources */ = {isa = PBXBuildFile; fileRef = 36EFB6C123CD5EF8005752D5 /* LandingView.swift */; };
		36EFB6C523CD5F90005752D5 /* RegisterView.swift in Sources */ = {isa = PBXBuildFile; fileRef = 36EFB6C423CD5F90005752D5 /* RegisterView.swift */; };
		36EFB6C723CD5FA4005752D5 /* LoginView.swift in Sources */ = {isa = PBXBuildFile; fileRef = 36EFB6C623CD5FA4005752D5 /* LoginView.swift */; };
		36EFB6D823CE072C005752D5 /* NewYorkSmall-BoldItalic.otf in Resources */ = {isa = PBXBuildFile; fileRef = 36EFB6CC23CE065D005752D5 /* NewYorkSmall-BoldItalic.otf */; };
		36EFB6D923CE072C005752D5 /* NewYorkSmall-Bold.otf in Resources */ = {isa = PBXBuildFile; fileRef = 36EFB6CD23CE065D005752D5 /* NewYorkSmall-Bold.otf */; };
		36EFB6DA23CE072C005752D5 /* NewYorkSmall-BlackItalic.otf in Resources */ = {isa = PBXBuildFile; fileRef = 36EFB6CE23CE065D005752D5 /* NewYorkSmall-BlackItalic.otf */; };
		36EFB6DB23CE072C005752D5 /* NewYorkSmall-Medium.otf in Resources */ = {isa = PBXBuildFile; fileRef = 36EFB6CF23CE065D005752D5 /* NewYorkSmall-Medium.otf */; };
		36EFB6DC23CE072C005752D5 /* NewYorkSmall-HeavyItalic.otf in Resources */ = {isa = PBXBuildFile; fileRef = 36EFB6D023CE065D005752D5 /* NewYorkSmall-HeavyItalic.otf */; };
		36EFB6DD23CE072C005752D5 /* NewYorkSmall-Black.otf in Resources */ = {isa = PBXBuildFile; fileRef = 36EFB6D123CE065D005752D5 /* NewYorkSmall-Black.otf */; };
		36EFB6DE23CE072C005752D5 /* NewYorkSmall-SemiboldItalic.otf in Resources */ = {isa = PBXBuildFile; fileRef = 36EFB6D223CE065D005752D5 /* NewYorkSmall-SemiboldItalic.otf */; };
		36EFB6DF23CE072C005752D5 /* NewYorkSmall-Semibold.otf in Resources */ = {isa = PBXBuildFile; fileRef = 36EFB6D323CE065D005752D5 /* NewYorkSmall-Semibold.otf */; };
		36EFB6E023CE072C005752D5 /* NewYorkSmall-RegularItalic.otf in Resources */ = {isa = PBXBuildFile; fileRef = 36EFB6D423CE065D005752D5 /* NewYorkSmall-RegularItalic.otf */; };
		36EFB6E123CE072C005752D5 /* NewYorkSmall-Heavy.otf in Resources */ = {isa = PBXBuildFile; fileRef = 36EFB6D523CE065D005752D5 /* NewYorkSmall-Heavy.otf */; };
		36EFB6E223CE072C005752D5 /* NewYorkSmall-Regular.otf in Resources */ = {isa = PBXBuildFile; fileRef = 36EFB6D623CE065D005752D5 /* NewYorkSmall-Regular.otf */; };
		36EFB6E323CE072C005752D5 /* NewYorkSmall-MediumItalic.otf in Resources */ = {isa = PBXBuildFile; fileRef = 36EFB6D723CE065D005752D5 /* NewYorkSmall-MediumItalic.otf */; };
		36EFB6E823CE07BE005752D5 /* Constants.swift in Sources */ = {isa = PBXBuildFile; fileRef = 36EFB6E723CE07BE005752D5 /* Constants.swift */; };
		36EFB6EC23CE0BC6005752D5 /* Form.swift in Sources */ = {isa = PBXBuildFile; fileRef = 36EFB6EB23CE0BC6005752D5 /* Form.swift */; };
		36EFB6EE23CF3FA6005752D5 /* ActivityIndicator.swift in Sources */ = {isa = PBXBuildFile; fileRef = 36EFB6ED23CF3FA6005752D5 /* ActivityIndicator.swift */; };
		36EFB6F423CF4D36005752D5 /* PersonDetailView.swift in Sources */ = {isa = PBXBuildFile; fileRef = 36EFB6F323CF4D36005752D5 /* PersonDetailView.swift */; };
		36EFB6F623CF4D5C005752D5 /* PersonsView.swift in Sources */ = {isa = PBXBuildFile; fileRef = 36EFB6F523CF4D5C005752D5 /* PersonsView.swift */; };
		36EFB6F823CF4E68005752D5 /* MainView.swift in Sources */ = {isa = PBXBuildFile; fileRef = 36EFB6F723CF4E68005752D5 /* MainView.swift */; };
		36EFB6FA23CF50BC005752D5 /* PersonFormView.swift in Sources */ = {isa = PBXBuildFile; fileRef = 36EFB6F923CF50BC005752D5 /* PersonFormView.swift */; };
		36EFB6FC23CF6695005752D5 /* Person.swift in Sources */ = {isa = PBXBuildFile; fileRef = 36EFB6FB23CF6695005752D5 /* Person.swift */; };
		36EFB6FE23D08C24005752D5 /* SuffixOptionsView.swift in Sources */ = {isa = PBXBuildFile; fileRef = 36EFB6FD23D08C24005752D5 /* SuffixOptionsView.swift */; };
		36EFB70323D0A071005752D5 /* IndustryOptionsView.swift in Sources */ = {isa = PBXBuildFile; fileRef = 36EFB70223D0A071005752D5 /* IndustryOptionsView.swift */; };
		36EFB70523D0AF23005752D5 /* GoogleService-Info.plist in Resources */ = {isa = PBXBuildFile; fileRef = 36EFB70423D0AF23005752D5 /* GoogleService-Info.plist */; };
		36EFB70723D36677005752D5 /* KeyboardGuardian.swift in Sources */ = {isa = PBXBuildFile; fileRef = 36EFB70623D36677005752D5 /* KeyboardGuardian.swift */; };
		36EFB70923D36824005752D5 /* GeometryGetter.swift in Sources */ = {isa = PBXBuildFile; fileRef = 36EFB70823D36824005752D5 /* GeometryGetter.swift */; };
		36EFB70B23D5B3BD005752D5 /* CountryOptionsView.swift in Sources */ = {isa = PBXBuildFile; fileRef = 36EFB70A23D5B3BD005752D5 /* CountryOptionsView.swift */; };
		36EFB70D23D5C44E005752D5 /* Country.swift in Sources */ = {isa = PBXBuildFile; fileRef = 36EFB70C23D5C44E005752D5 /* Country.swift */; };
		5E15FC4B7BE6B7FAB7437CB7 /* Pods_pro_contactsUITests.framework in Frameworks */ = {isa = PBXBuildFile; fileRef = 758DFA2CA34CD4F72522B360 /* Pods_pro_contactsUITests.framework */; };
		618D1BBEE6D3120F848E4985 /* Pods_pro_contacts.framework in Frameworks */ = {isa = PBXBuildFile; fileRef = 4799D724B0C5BA5CE23C3A4F /* Pods_pro_contacts.framework */; };
		7D144C9C875D67B8130B4639 /* Pods_pro_contactsTests.framework in Frameworks */ = {isa = PBXBuildFile; fileRef = 4CC7DB0D1DEA79DA9406DC88 /* Pods_pro_contactsTests.framework */; };
/* End PBXBuildFile section */

/* Begin PBXContainerItemProxy section */
		36EFB69D23CCD6AA005752D5 /* PBXContainerItemProxy */ = {
			isa = PBXContainerItemProxy;
			containerPortal = 36EFB67E23CCD6A8005752D5 /* Project object */;
			proxyType = 1;
			remoteGlobalIDString = 36EFB68523CCD6A8005752D5;
			remoteInfo = "pro-contacts";
		};
		36EFB6A823CCD6AA005752D5 /* PBXContainerItemProxy */ = {
			isa = PBXContainerItemProxy;
			containerPortal = 36EFB67E23CCD6A8005752D5 /* Project object */;
			proxyType = 1;
			remoteGlobalIDString = 36EFB68523CCD6A8005752D5;
			remoteInfo = "pro-contacts";
		};
/* End PBXContainerItemProxy section */

/* Begin PBXFileReference section */
		116D0322488B5CAB888A2F39 /* Pods-pro-contacts.debug.xcconfig */ = {isa = PBXFileReference; includeInIndex = 1; lastKnownFileType = text.xcconfig; name = "Pods-pro-contacts.debug.xcconfig"; path = "Target Support Files/Pods-pro-contacts/Pods-pro-contacts.debug.xcconfig"; sourceTree = "<group>"; };
		36EFB68623CCD6A8005752D5 /* ProContacts.app */ = {isa = PBXFileReference; explicitFileType = wrapper.application; includeInIndex = 0; path = ProContacts.app; sourceTree = BUILT_PRODUCTS_DIR; };
		36EFB68923CCD6A8005752D5 /* AppDelegate.swift */ = {isa = PBXFileReference; lastKnownFileType = sourcecode.swift; path = AppDelegate.swift; sourceTree = "<group>"; };
		36EFB68B23CCD6A8005752D5 /* SceneDelegate.swift */ = {isa = PBXFileReference; lastKnownFileType = sourcecode.swift; path = SceneDelegate.swift; sourceTree = "<group>"; };
		36EFB68D23CCD6A8005752D5 /* ContentView.swift */ = {isa = PBXFileReference; lastKnownFileType = sourcecode.swift; path = ContentView.swift; sourceTree = "<group>"; };
		36EFB68F23CCD6AA005752D5 /* Assets.xcassets */ = {isa = PBXFileReference; lastKnownFileType = folder.assetcatalog; path = Assets.xcassets; sourceTree = "<group>"; };
		36EFB69223CCD6AA005752D5 /* Preview Assets.xcassets */ = {isa = PBXFileReference; lastKnownFileType = folder.assetcatalog; path = "Preview Assets.xcassets"; sourceTree = "<group>"; };
		36EFB69523CCD6AA005752D5 /* Base */ = {isa = PBXFileReference; lastKnownFileType = file.storyboard; name = Base; path = Base.lproj/LaunchScreen.storyboard; sourceTree = "<group>"; };
		36EFB69723CCD6AA005752D5 /* Info.plist */ = {isa = PBXFileReference; lastKnownFileType = text.plist.xml; path = Info.plist; sourceTree = "<group>"; };
		36EFB69C23CCD6AA005752D5 /* pro-contactsTests.xctest */ = {isa = PBXFileReference; explicitFileType = wrapper.cfbundle; includeInIndex = 0; path = "pro-contactsTests.xctest"; sourceTree = BUILT_PRODUCTS_DIR; };
		36EFB6A023CCD6AA005752D5 /* pro_contactsTests.swift */ = {isa = PBXFileReference; lastKnownFileType = sourcecode.swift; path = pro_contactsTests.swift; sourceTree = "<group>"; };
		36EFB6A223CCD6AA005752D5 /* Info.plist */ = {isa = PBXFileReference; lastKnownFileType = text.plist.xml; path = Info.plist; sourceTree = "<group>"; };
		36EFB6A723CCD6AA005752D5 /* pro-contactsUITests.xctest */ = {isa = PBXFileReference; explicitFileType = wrapper.cfbundle; includeInIndex = 0; path = "pro-contactsUITests.xctest"; sourceTree = BUILT_PRODUCTS_DIR; };
		36EFB6AB23CCD6AA005752D5 /* pro_contactsUITests.swift */ = {isa = PBXFileReference; lastKnownFileType = sourcecode.swift; path = pro_contactsUITests.swift; sourceTree = "<group>"; };
		36EFB6AD23CCD6AA005752D5 /* Info.plist */ = {isa = PBXFileReference; lastKnownFileType = text.plist.xml; path = Info.plist; sourceTree = "<group>"; };
		36EFB6BB23CD52EB005752D5 /* User.swift */ = {isa = PBXFileReference; lastKnownFileType = sourcecode.swift; path = User.swift; sourceTree = "<group>"; };
		36EFB6BE23CD552D005752D5 /* FirebaseSession.swift */ = {isa = PBXFileReference; lastKnownFileType = sourcecode.swift; path = FirebaseSession.swift; sourceTree = "<group>"; };
		36EFB6C123CD5EF8005752D5 /* LandingView.swift */ = {isa = PBXFileReference; lastKnownFileType = sourcecode.swift; path = LandingView.swift; sourceTree = "<group>"; };
		36EFB6C423CD5F90005752D5 /* RegisterView.swift */ = {isa = PBXFileReference; lastKnownFileType = sourcecode.swift; path = RegisterView.swift; sourceTree = "<group>"; };
		36EFB6C623CD5FA4005752D5 /* LoginView.swift */ = {isa = PBXFileReference; lastKnownFileType = sourcecode.swift; path = LoginView.swift; sourceTree = "<group>"; };
		36EFB6CC23CE065D005752D5 /* NewYorkSmall-BoldItalic.otf */ = {isa = PBXFileReference; lastKnownFileType = file; path = "NewYorkSmall-BoldItalic.otf"; sourceTree = "<group>"; };
		36EFB6CD23CE065D005752D5 /* NewYorkSmall-Bold.otf */ = {isa = PBXFileReference; lastKnownFileType = file; path = "NewYorkSmall-Bold.otf"; sourceTree = "<group>"; };
		36EFB6CE23CE065D005752D5 /* NewYorkSmall-BlackItalic.otf */ = {isa = PBXFileReference; lastKnownFileType = file; path = "NewYorkSmall-BlackItalic.otf"; sourceTree = "<group>"; };
		36EFB6CF23CE065D005752D5 /* NewYorkSmall-Medium.otf */ = {isa = PBXFileReference; lastKnownFileType = file; path = "NewYorkSmall-Medium.otf"; sourceTree = "<group>"; };
		36EFB6D023CE065D005752D5 /* NewYorkSmall-HeavyItalic.otf */ = {isa = PBXFileReference; lastKnownFileType = file; path = "NewYorkSmall-HeavyItalic.otf"; sourceTree = "<group>"; };
		36EFB6D123CE065D005752D5 /* NewYorkSmall-Black.otf */ = {isa = PBXFileReference; lastKnownFileType = file; path = "NewYorkSmall-Black.otf"; sourceTree = "<group>"; };
		36EFB6D223CE065D005752D5 /* NewYorkSmall-SemiboldItalic.otf */ = {isa = PBXFileReference; lastKnownFileType = file; path = "NewYorkSmall-SemiboldItalic.otf"; sourceTree = "<group>"; };
		36EFB6D323CE065D005752D5 /* NewYorkSmall-Semibold.otf */ = {isa = PBXFileReference; lastKnownFileType = file; path = "NewYorkSmall-Semibold.otf"; sourceTree = "<group>"; };
		36EFB6D423CE065D005752D5 /* NewYorkSmall-RegularItalic.otf */ = {isa = PBXFileReference; lastKnownFileType = file; path = "NewYorkSmall-RegularItalic.otf"; sourceTree = "<group>"; };
		36EFB6D523CE065D005752D5 /* NewYorkSmall-Heavy.otf */ = {isa = PBXFileReference; lastKnownFileType = file; path = "NewYorkSmall-Heavy.otf"; sourceTree = "<group>"; };
		36EFB6D623CE065D005752D5 /* NewYorkSmall-Regular.otf */ = {isa = PBXFileReference; lastKnownFileType = file; path = "NewYorkSmall-Regular.otf"; sourceTree = "<group>"; };
		36EFB6D723CE065D005752D5 /* NewYorkSmall-MediumItalic.otf */ = {isa = PBXFileReference; lastKnownFileType = file; path = "NewYorkSmall-MediumItalic.otf"; sourceTree = "<group>"; };
		36EFB6E723CE07BE005752D5 /* Constants.swift */ = {isa = PBXFileReference; lastKnownFileType = sourcecode.swift; path = Constants.swift; sourceTree = "<group>"; };
		36EFB6EB23CE0BC6005752D5 /* Form.swift */ = {isa = PBXFileReference; lastKnownFileType = sourcecode.swift; path = Form.swift; sourceTree = "<group>"; };
		36EFB6ED23CF3FA6005752D5 /* ActivityIndicator.swift */ = {isa = PBXFileReference; lastKnownFileType = sourcecode.swift; path = ActivityIndicator.swift; sourceTree = "<group>"; };
		36EFB6F323CF4D36005752D5 /* PersonDetailView.swift */ = {isa = PBXFileReference; lastKnownFileType = sourcecode.swift; path = PersonDetailView.swift; sourceTree = "<group>"; };
		36EFB6F523CF4D5C005752D5 /* PersonsView.swift */ = {isa = PBXFileReference; lastKnownFileType = sourcecode.swift; path = PersonsView.swift; sourceTree = "<group>"; };
		36EFB6F723CF4E68005752D5 /* MainView.swift */ = {isa = PBXFileReference; lastKnownFileType = sourcecode.swift; path = MainView.swift; sourceTree = "<group>"; };
		36EFB6F923CF50BC005752D5 /* PersonFormView.swift */ = {isa = PBXFileReference; lastKnownFileType = sourcecode.swift; path = PersonFormView.swift; sourceTree = "<group>"; };
		36EFB6FB23CF6695005752D5 /* Person.swift */ = {isa = PBXFileReference; lastKnownFileType = sourcecode.swift; path = Person.swift; sourceTree = "<group>"; };
		36EFB6FD23D08C24005752D5 /* SuffixOptionsView.swift */ = {isa = PBXFileReference; lastKnownFileType = sourcecode.swift; path = SuffixOptionsView.swift; sourceTree = "<group>"; };
		36EFB70223D0A071005752D5 /* IndustryOptionsView.swift */ = {isa = PBXFileReference; lastKnownFileType = sourcecode.swift; path = IndustryOptionsView.swift; sourceTree = "<group>"; };
		36EFB70423D0AF23005752D5 /* GoogleService-Info.plist */ = {isa = PBXFileReference; fileEncoding = 4; lastKnownFileType = text.plist.xml; path = "GoogleService-Info.plist"; sourceTree = "<group>"; };
		36EFB70623D36677005752D5 /* KeyboardGuardian.swift */ = {isa = PBXFileReference; lastKnownFileType = sourcecode.swift; path = KeyboardGuardian.swift; sourceTree = "<group>"; };
		36EFB70823D36824005752D5 /* GeometryGetter.swift */ = {isa = PBXFileReference; lastKnownFileType = sourcecode.swift; path = GeometryGetter.swift; sourceTree = "<group>"; };
		36EFB70A23D5B3BD005752D5 /* CountryOptionsView.swift */ = {isa = PBXFileReference; lastKnownFileType = sourcecode.swift; path = CountryOptionsView.swift; sourceTree = "<group>"; };
		36EFB70C23D5C44E005752D5 /* Country.swift */ = {isa = PBXFileReference; lastKnownFileType = sourcecode.swift; path = Country.swift; sourceTree = "<group>"; };
		46180F742EDEB03C22918550 /* Pods-pro-contactsTests.debug.xcconfig */ = {isa = PBXFileReference; includeInIndex = 1; lastKnownFileType = text.xcconfig; name = "Pods-pro-contactsTests.debug.xcconfig"; path = "Target Support Files/Pods-pro-contactsTests/Pods-pro-contactsTests.debug.xcconfig"; sourceTree = "<group>"; };
		4799D724B0C5BA5CE23C3A4F /* Pods_pro_contacts.framework */ = {isa = PBXFileReference; explicitFileType = wrapper.framework; includeInIndex = 0; path = Pods_pro_contacts.framework; sourceTree = BUILT_PRODUCTS_DIR; };
		4CC7DB0D1DEA79DA9406DC88 /* Pods_pro_contactsTests.framework */ = {isa = PBXFileReference; explicitFileType = wrapper.framework; includeInIndex = 0; path = Pods_pro_contactsTests.framework; sourceTree = BUILT_PRODUCTS_DIR; };
		5D0CAD008271982A90E9C747 /* Pods-pro-contactsUITests.debug.xcconfig */ = {isa = PBXFileReference; includeInIndex = 1; lastKnownFileType = text.xcconfig; name = "Pods-pro-contactsUITests.debug.xcconfig"; path = "Target Support Files/Pods-pro-contactsUITests/Pods-pro-contactsUITests.debug.xcconfig"; sourceTree = "<group>"; };
		60E09324FCAAB9C89EBA63CE /* Pods-pro-contacts.release.xcconfig */ = {isa = PBXFileReference; includeInIndex = 1; lastKnownFileType = text.xcconfig; name = "Pods-pro-contacts.release.xcconfig"; path = "Target Support Files/Pods-pro-contacts/Pods-pro-contacts.release.xcconfig"; sourceTree = "<group>"; };
		758DFA2CA34CD4F72522B360 /* Pods_pro_contactsUITests.framework */ = {isa = PBXFileReference; explicitFileType = wrapper.framework; includeInIndex = 0; path = Pods_pro_contactsUITests.framework; sourceTree = BUILT_PRODUCTS_DIR; };
		C77E1FAC29E1571B934ABCEC /* Pods-pro-contactsUITests.release.xcconfig */ = {isa = PBXFileReference; includeInIndex = 1; lastKnownFileType = text.xcconfig; name = "Pods-pro-contactsUITests.release.xcconfig"; path = "Target Support Files/Pods-pro-contactsUITests/Pods-pro-contactsUITests.release.xcconfig"; sourceTree = "<group>"; };
		EEA030DEE45E32F7A9B268C0 /* Pods-pro-contactsTests.release.xcconfig */ = {isa = PBXFileReference; includeInIndex = 1; lastKnownFileType = text.xcconfig; name = "Pods-pro-contactsTests.release.xcconfig"; path = "Target Support Files/Pods-pro-contactsTests/Pods-pro-contactsTests.release.xcconfig"; sourceTree = "<group>"; };
/* End PBXFileReference section */

/* Begin PBXFrameworksBuildPhase section */
		36EFB68323CCD6A8005752D5 /* Frameworks */ = {
			isa = PBXFrameworksBuildPhase;
			buildActionMask = 2147483647;
			files = (
				618D1BBEE6D3120F848E4985 /* Pods_pro_contacts.framework in Frameworks */,
			);
			runOnlyForDeploymentPostprocessing = 0;
		};
		36EFB69923CCD6AA005752D5 /* Frameworks */ = {
			isa = PBXFrameworksBuildPhase;
			buildActionMask = 2147483647;
			files = (
				7D144C9C875D67B8130B4639 /* Pods_pro_contactsTests.framework in Frameworks */,
			);
			runOnlyForDeploymentPostprocessing = 0;
		};
		36EFB6A423CCD6AA005752D5 /* Frameworks */ = {
			isa = PBXFrameworksBuildPhase;
			buildActionMask = 2147483647;
			files = (
				5E15FC4B7BE6B7FAB7437CB7 /* Pods_pro_contactsUITests.framework in Frameworks */,
			);
			runOnlyForDeploymentPostprocessing = 0;
		};
/* End PBXFrameworksBuildPhase section */

/* Begin PBXGroup section */
		170E5620771F6D50F85A20F1 /* Pods */ = {
			isa = PBXGroup;
			children = (
				116D0322488B5CAB888A2F39 /* Pods-pro-contacts.debug.xcconfig */,
				60E09324FCAAB9C89EBA63CE /* Pods-pro-contacts.release.xcconfig */,
				46180F742EDEB03C22918550 /* Pods-pro-contactsTests.debug.xcconfig */,
				EEA030DEE45E32F7A9B268C0 /* Pods-pro-contactsTests.release.xcconfig */,
				5D0CAD008271982A90E9C747 /* Pods-pro-contactsUITests.debug.xcconfig */,
				C77E1FAC29E1571B934ABCEC /* Pods-pro-contactsUITests.release.xcconfig */,
			);
			path = Pods;
			sourceTree = "<group>";
		};
		36EFB67D23CCD6A8005752D5 = {
			isa = PBXGroup;
			children = (
				36EFB68823CCD6A8005752D5 /* pro-contacts */,
				36EFB69F23CCD6AA005752D5 /* pro-contactsTests */,
				36EFB6AA23CCD6AA005752D5 /* pro-contactsUITests */,
				36EFB68723CCD6A8005752D5 /* Products */,
				170E5620771F6D50F85A20F1 /* Pods */,
				78E6D1B015BCD4ECA1B78B2E /* Frameworks */,
			);
			sourceTree = "<group>";
		};
		36EFB68723CCD6A8005752D5 /* Products */ = {
			isa = PBXGroup;
			children = (
				36EFB68623CCD6A8005752D5 /* ProContacts.app */,
				36EFB69C23CCD6AA005752D5 /* pro-contactsTests.xctest */,
				36EFB6A723CCD6AA005752D5 /* pro-contactsUITests.xctest */,
			);
			name = Products;
			sourceTree = "<group>";
		};
		36EFB68823CCD6A8005752D5 /* pro-contacts */ = {
			isa = PBXGroup;
			children = (
				36EFB68923CCD6A8005752D5 /* AppDelegate.swift */,
				36EFB68B23CCD6A8005752D5 /* SceneDelegate.swift */,
				36EFB68D23CCD6A8005752D5 /* ContentView.swift */,
				36EFB68F23CCD6AA005752D5 /* Assets.xcassets */,
				36EFB69423CCD6AA005752D5 /* LaunchScreen.storyboard */,
				36EFB69723CCD6AA005752D5 /* Info.plist */,
				36EFB70423D0AF23005752D5 /* GoogleService-Info.plist */,
				36EFB6E623CE0772005752D5 /* Helpers */,
				36EFB6BD23CD52F7005752D5 /* Models */,
				36EFB6C023CD5534005752D5 /* Services */,
				36EFB6C323CD5F02005752D5 /* Views */,
				36EFB6C923CE065D005752D5 /* Fonts */,
				36EFB69123CCD6AA005752D5 /* Preview Content */,
			);
			path = "pro-contacts";
			sourceTree = "<group>";
		};
		36EFB69123CCD6AA005752D5 /* Preview Content */ = {
			isa = PBXGroup;
			children = (
				36EFB69223CCD6AA005752D5 /* Preview Assets.xcassets */,
			);
			path = "Preview Content";
			sourceTree = "<group>";
		};
		36EFB69F23CCD6AA005752D5 /* pro-contactsTests */ = {
			isa = PBXGroup;
			children = (
				36EFB6A023CCD6AA005752D5 /* pro_contactsTests.swift */,
				36EFB6A223CCD6AA005752D5 /* Info.plist */,
			);
			path = "pro-contactsTests";
			sourceTree = "<group>";
		};
		36EFB6AA23CCD6AA005752D5 /* pro-contactsUITests */ = {
			isa = PBXGroup;
			children = (
				36EFB6AB23CCD6AA005752D5 /* pro_contactsUITests.swift */,
				36EFB6AD23CCD6AA005752D5 /* Info.plist */,
			);
			path = "pro-contactsUITests";
			sourceTree = "<group>";
		};
		36EFB6BD23CD52F7005752D5 /* Models */ = {
			isa = PBXGroup;
			children = (
				36EFB6BB23CD52EB005752D5 /* User.swift */,
				36EFB6FB23CF6695005752D5 /* Person.swift */,
				36EFB70C23D5C44E005752D5 /* Country.swift */,
			);
			path = Models;
			sourceTree = "<group>";
		};
		36EFB6C023CD5534005752D5 /* Services */ = {
			isa = PBXGroup;
			children = (
				36EFB6BE23CD552D005752D5 /* FirebaseSession.swift */,
			);
			path = Services;
			sourceTree = "<group>";
		};
		36EFB6C323CD5F02005752D5 /* Views */ = {
			isa = PBXGroup;
			children = (
				36EFB6C823CD5FBC005752D5 /* Authentication */,
				36EFB6FF23D08C29005752D5 /* FormViews */,
				36EFB6C123CD5EF8005752D5 /* LandingView.swift */,
				36EFB6F723CF4E68005752D5 /* MainView.swift */,
				36EFB6F523CF4D5C005752D5 /* PersonsView.swift */,
				36EFB6F323CF4D36005752D5 /* PersonDetailView.swift */,
				36EFB6F923CF50BC005752D5 /* PersonFormView.swift */,
			);
			path = Views;
			sourceTree = "<group>";
		};
		36EFB6C823CD5FBC005752D5 /* Authentication */ = {
			isa = PBXGroup;
			children = (
				36EFB6C423CD5F90005752D5 /* RegisterView.swift */,
				36EFB6C623CD5FA4005752D5 /* LoginView.swift */,
			);
			path = Authentication;
			sourceTree = "<group>";
		};
		36EFB6C923CE065D005752D5 /* Fonts */ = {
			isa = PBXGroup;
			children = (
				36EFB6CB23CE065D005752D5 /* New-York-OTF */,
			);
			path = Fonts;
			sourceTree = "<group>";
		};
		36EFB6CB23CE065D005752D5 /* New-York-OTF */ = {
			isa = PBXGroup;
			children = (
				36EFB6CC23CE065D005752D5 /* NewYorkSmall-BoldItalic.otf */,
				36EFB6CD23CE065D005752D5 /* NewYorkSmall-Bold.otf */,
				36EFB6CE23CE065D005752D5 /* NewYorkSmall-BlackItalic.otf */,
				36EFB6CF23CE065D005752D5 /* NewYorkSmall-Medium.otf */,
				36EFB6D023CE065D005752D5 /* NewYorkSmall-HeavyItalic.otf */,
				36EFB6D123CE065D005752D5 /* NewYorkSmall-Black.otf */,
				36EFB6D223CE065D005752D5 /* NewYorkSmall-SemiboldItalic.otf */,
				36EFB6D323CE065D005752D5 /* NewYorkSmall-Semibold.otf */,
				36EFB6D423CE065D005752D5 /* NewYorkSmall-RegularItalic.otf */,
				36EFB6D523CE065D005752D5 /* NewYorkSmall-Heavy.otf */,
				36EFB6D623CE065D005752D5 /* NewYorkSmall-Regular.otf */,
				36EFB6D723CE065D005752D5 /* NewYorkSmall-MediumItalic.otf */,
			);
			path = "New-York-OTF";
			sourceTree = "<group>";
		};
		36EFB6E623CE0772005752D5 /* Helpers */ = {
			isa = PBXGroup;
			children = (
				36EFB6E723CE07BE005752D5 /* Constants.swift */,
				36EFB6EB23CE0BC6005752D5 /* Form.swift */,
				36EFB6ED23CF3FA6005752D5 /* ActivityIndicator.swift */,
				36EFB70623D36677005752D5 /* KeyboardGuardian.swift */,
				36EFB70823D36824005752D5 /* GeometryGetter.swift */,
			);
			path = Helpers;
			sourceTree = "<group>";
		};
		36EFB6FF23D08C29005752D5 /* FormViews */ = {
			isa = PBXGroup;
			children = (
				36EFB6FD23D08C24005752D5 /* SuffixOptionsView.swift */,
				36EFB70223D0A071005752D5 /* IndustryOptionsView.swift */,
				36EFB70A23D5B3BD005752D5 /* CountryOptionsView.swift */,
			);
			path = FormViews;
			sourceTree = "<group>";
		};
		78E6D1B015BCD4ECA1B78B2E /* Frameworks */ = {
			isa = PBXGroup;
			children = (
				4799D724B0C5BA5CE23C3A4F /* Pods_pro_contacts.framework */,
				4CC7DB0D1DEA79DA9406DC88 /* Pods_pro_contactsTests.framework */,
				758DFA2CA34CD4F72522B360 /* Pods_pro_contactsUITests.framework */,
			);
			name = Frameworks;
			sourceTree = "<group>";
		};
/* End PBXGroup section */

/* Begin PBXNativeTarget section */
		36EFB68523CCD6A8005752D5 /* pro-contacts */ = {
			isa = PBXNativeTarget;
			buildConfigurationList = 36EFB6B023CCD6AA005752D5 /* Build configuration list for PBXNativeTarget "pro-contacts" */;
			buildPhases = (
				B61B7B7BD981650EE672F372 /* [CP] Check Pods Manifest.lock */,
				36EFB68223CCD6A8005752D5 /* Sources */,
				36EFB68323CCD6A8005752D5 /* Frameworks */,
				36EFB68423CCD6A8005752D5 /* Resources */,
				2BE2807B8AF3F1D58D8D57D2 /* [CP] Embed Pods Frameworks */,
			);
			buildRules = (
			);
			dependencies = (
			);
			name = "pro-contacts";
			productName = "pro-contacts";
			productReference = 36EFB68623CCD6A8005752D5 /* ProContacts.app */;
			productType = "com.apple.product-type.application";
		};
		36EFB69B23CCD6AA005752D5 /* pro-contactsTests */ = {
			isa = PBXNativeTarget;
			buildConfigurationList = 36EFB6B323CCD6AA005752D5 /* Build configuration list for PBXNativeTarget "pro-contactsTests" */;
			buildPhases = (
				4F948F368E5DA3D6CEDA06D1 /* [CP] Check Pods Manifest.lock */,
				36EFB69823CCD6AA005752D5 /* Sources */,
				36EFB69923CCD6AA005752D5 /* Frameworks */,
				36EFB69A23CCD6AA005752D5 /* Resources */,
			);
			buildRules = (
			);
			dependencies = (
				36EFB69E23CCD6AA005752D5 /* PBXTargetDependency */,
			);
			name = "pro-contactsTests";
			productName = "pro-contactsTests";
			productReference = 36EFB69C23CCD6AA005752D5 /* pro-contactsTests.xctest */;
			productType = "com.apple.product-type.bundle.unit-test";
		};
		36EFB6A623CCD6AA005752D5 /* pro-contactsUITests */ = {
			isa = PBXNativeTarget;
			buildConfigurationList = 36EFB6B623CCD6AA005752D5 /* Build configuration list for PBXNativeTarget "pro-contactsUITests" */;
			buildPhases = (
				064854B46A40547FCAE283E5 /* [CP] Check Pods Manifest.lock */,
				36EFB6A323CCD6AA005752D5 /* Sources */,
				36EFB6A423CCD6AA005752D5 /* Frameworks */,
				36EFB6A523CCD6AA005752D5 /* Resources */,
			);
			buildRules = (
			);
			dependencies = (
				36EFB6A923CCD6AA005752D5 /* PBXTargetDependency */,
			);
			name = "pro-contactsUITests";
			productName = "pro-contactsUITests";
			productReference = 36EFB6A723CCD6AA005752D5 /* pro-contactsUITests.xctest */;
			productType = "com.apple.product-type.bundle.ui-testing";
		};
/* End PBXNativeTarget section */

/* Begin PBXProject section */
		36EFB67E23CCD6A8005752D5 /* Project object */ = {
			isa = PBXProject;
			attributes = {
				LastSwiftUpdateCheck = 1130;
				LastUpgradeCheck = 1130;
				ORGANIZATIONNAME = "Kompilab Limited";
				TargetAttributes = {
					36EFB68523CCD6A8005752D5 = {
						CreatedOnToolsVersion = 11.3;
					};
					36EFB69B23CCD6AA005752D5 = {
						CreatedOnToolsVersion = 11.3;
						TestTargetID = 36EFB68523CCD6A8005752D5;
					};
					36EFB6A623CCD6AA005752D5 = {
						CreatedOnToolsVersion = 11.3;
						TestTargetID = 36EFB68523CCD6A8005752D5;
					};
				};
			};
			buildConfigurationList = 36EFB68123CCD6A8005752D5 /* Build configuration list for PBXProject "pro-contacts" */;
			compatibilityVersion = "Xcode 9.3";
			developmentRegion = en;
			hasScannedForEncodings = 0;
			knownRegions = (
				en,
				Base,
			);
			mainGroup = 36EFB67D23CCD6A8005752D5;
			productRefGroup = 36EFB68723CCD6A8005752D5 /* Products */;
			projectDirPath = "";
			projectRoot = "";
			targets = (
				36EFB68523CCD6A8005752D5 /* pro-contacts */,
				36EFB69B23CCD6AA005752D5 /* pro-contactsTests */,
				36EFB6A623CCD6AA005752D5 /* pro-contactsUITests */,
			);
		};
/* End PBXProject section */

/* Begin PBXResourcesBuildPhase section */
		36EFB68423CCD6A8005752D5 /* Resources */ = {
			isa = PBXResourcesBuildPhase;
			buildActionMask = 2147483647;
			files = (
				36EFB6E323CE072C005752D5 /* NewYorkSmall-MediumItalic.otf in Resources */,
				36EFB6DE23CE072C005752D5 /* NewYorkSmall-SemiboldItalic.otf in Resources */,
				36EFB6DC23CE072C005752D5 /* NewYorkSmall-HeavyItalic.otf in Resources */,
				36EFB69623CCD6AA005752D5 /* LaunchScreen.storyboard in Resources */,
				36EFB6DA23CE072C005752D5 /* NewYorkSmall-BlackItalic.otf in Resources */,
				36EFB6E023CE072C005752D5 /* NewYorkSmall-RegularItalic.otf in Resources */,
				36EFB6D923CE072C005752D5 /* NewYorkSmall-Bold.otf in Resources */,
				36EFB6DD23CE072C005752D5 /* NewYorkSmall-Black.otf in Resources */,
				36EFB6DB23CE072C005752D5 /* NewYorkSmall-Medium.otf in Resources */,
				36EFB70523D0AF23005752D5 /* GoogleService-Info.plist in Resources */,
				36EFB6E223CE072C005752D5 /* NewYorkSmall-Regular.otf in Resources */,
				36EFB6DF23CE072C005752D5 /* NewYorkSmall-Semibold.otf in Resources */,
				36EFB6D823CE072C005752D5 /* NewYorkSmall-BoldItalic.otf in Resources */,
				36EFB6E123CE072C005752D5 /* NewYorkSmall-Heavy.otf in Resources */,
				36EFB69323CCD6AA005752D5 /* Preview Assets.xcassets in Resources */,
				36EFB69023CCD6AA005752D5 /* Assets.xcassets in Resources */,
			);
			runOnlyForDeploymentPostprocessing = 0;
		};
		36EFB69A23CCD6AA005752D5 /* Resources */ = {
			isa = PBXResourcesBuildPhase;
			buildActionMask = 2147483647;
			files = (
			);
			runOnlyForDeploymentPostprocessing = 0;
		};
		36EFB6A523CCD6AA005752D5 /* Resources */ = {
			isa = PBXResourcesBuildPhase;
			buildActionMask = 2147483647;
			files = (
			);
			runOnlyForDeploymentPostprocessing = 0;
		};
/* End PBXResourcesBuildPhase section */

/* Begin PBXShellScriptBuildPhase section */
		064854B46A40547FCAE283E5 /* [CP] Check Pods Manifest.lock */ = {
			isa = PBXShellScriptBuildPhase;
			buildActionMask = 2147483647;
			files = (
			);
			inputFileListPaths = (
			);
			inputPaths = (
				"${PODS_PODFILE_DIR_PATH}/Podfile.lock",
				"${PODS_ROOT}/Manifest.lock",
			);
			name = "[CP] Check Pods Manifest.lock";
			outputFileListPaths = (
			);
			outputPaths = (
				"$(DERIVED_FILE_DIR)/Pods-pro-contactsUITests-checkManifestLockResult.txt",
			);
			runOnlyForDeploymentPostprocessing = 0;
			shellPath = /bin/sh;
			shellScript = "diff \"${PODS_PODFILE_DIR_PATH}/Podfile.lock\" \"${PODS_ROOT}/Manifest.lock\" > /dev/null\nif [ $? != 0 ] ; then\n    # print error to STDERR\n    echo \"error: The sandbox is not in sync with the Podfile.lock. Run 'pod install' or update your CocoaPods installation.\" >&2\n    exit 1\nfi\n# This output is used by Xcode 'outputs' to avoid re-running this script phase.\necho \"SUCCESS\" > \"${SCRIPT_OUTPUT_FILE_0}\"\n";
			showEnvVarsInLog = 0;
		};
		2BE2807B8AF3F1D58D8D57D2 /* [CP] Embed Pods Frameworks */ = {
			isa = PBXShellScriptBuildPhase;
			buildActionMask = 2147483647;
			files = (
			);
			inputFileListPaths = (
				"${PODS_ROOT}/Target Support Files/Pods-pro-contacts/Pods-pro-contacts-frameworks-${CONFIGURATION}-input-files.xcfilelist",
			);
			name = "[CP] Embed Pods Frameworks";
			outputFileListPaths = (
				"${PODS_ROOT}/Target Support Files/Pods-pro-contacts/Pods-pro-contacts-frameworks-${CONFIGURATION}-output-files.xcfilelist",
			);
			runOnlyForDeploymentPostprocessing = 0;
			shellPath = /bin/sh;
			shellScript = "\"${PODS_ROOT}/Target Support Files/Pods-pro-contacts/Pods-pro-contacts-frameworks.sh\"\n";
			showEnvVarsInLog = 0;
		};
		4F948F368E5DA3D6CEDA06D1 /* [CP] Check Pods Manifest.lock */ = {
			isa = PBXShellScriptBuildPhase;
			buildActionMask = 2147483647;
			files = (
			);
			inputFileListPaths = (
			);
			inputPaths = (
				"${PODS_PODFILE_DIR_PATH}/Podfile.lock",
				"${PODS_ROOT}/Manifest.lock",
			);
			name = "[CP] Check Pods Manifest.lock";
			outputFileListPaths = (
			);
			outputPaths = (
				"$(DERIVED_FILE_DIR)/Pods-pro-contactsTests-checkManifestLockResult.txt",
			);
			runOnlyForDeploymentPostprocessing = 0;
			shellPath = /bin/sh;
			shellScript = "diff \"${PODS_PODFILE_DIR_PATH}/Podfile.lock\" \"${PODS_ROOT}/Manifest.lock\" > /dev/null\nif [ $? != 0 ] ; then\n    # print error to STDERR\n    echo \"error: The sandbox is not in sync with the Podfile.lock. Run 'pod install' or update your CocoaPods installation.\" >&2\n    exit 1\nfi\n# This output is used by Xcode 'outputs' to avoid re-running this script phase.\necho \"SUCCESS\" > \"${SCRIPT_OUTPUT_FILE_0}\"\n";
			showEnvVarsInLog = 0;
		};
		B61B7B7BD981650EE672F372 /* [CP] Check Pods Manifest.lock */ = {
			isa = PBXShellScriptBuildPhase;
			buildActionMask = 2147483647;
			files = (
			);
			inputFileListPaths = (
			);
			inputPaths = (
				"${PODS_PODFILE_DIR_PATH}/Podfile.lock",
				"${PODS_ROOT}/Manifest.lock",
			);
			name = "[CP] Check Pods Manifest.lock";
			outputFileListPaths = (
			);
			outputPaths = (
				"$(DERIVED_FILE_DIR)/Pods-pro-contacts-checkManifestLockResult.txt",
			);
			runOnlyForDeploymentPostprocessing = 0;
			shellPath = /bin/sh;
			shellScript = "diff \"${PODS_PODFILE_DIR_PATH}/Podfile.lock\" \"${PODS_ROOT}/Manifest.lock\" > /dev/null\nif [ $? != 0 ] ; then\n    # print error to STDERR\n    echo \"error: The sandbox is not in sync with the Podfile.lock. Run 'pod install' or update your CocoaPods installation.\" >&2\n    exit 1\nfi\n# This output is used by Xcode 'outputs' to avoid re-running this script phase.\necho \"SUCCESS\" > \"${SCRIPT_OUTPUT_FILE_0}\"\n";
			showEnvVarsInLog = 0;
		};
/* End PBXShellScriptBuildPhase section */

/* Begin PBXSourcesBuildPhase section */
		36EFB68223CCD6A8005752D5 /* Sources */ = {
			isa = PBXSourcesBuildPhase;
			buildActionMask = 2147483647;
			files = (
				36EFB6C223CD5EF8005752D5 /* LandingView.swift in Sources */,
				36EFB6F823CF4E68005752D5 /* MainView.swift in Sources */,
				36EFB70723D36677005752D5 /* KeyboardGuardian.swift in Sources */,
				36EFB6F423CF4D36005752D5 /* PersonDetailView.swift in Sources */,
				36EFB6FE23D08C24005752D5 /* SuffixOptionsView.swift in Sources */,
				36EFB70323D0A071005752D5 /* IndustryOptionsView.swift in Sources */,
				36EFB6F623CF4D5C005752D5 /* PersonsView.swift in Sources */,
				36EFB6FA23CF50BC005752D5 /* PersonFormView.swift in Sources */,
				36EFB6BC23CD52EB005752D5 /* User.swift in Sources */,
				36EFB68A23CCD6A8005752D5 /* AppDelegate.swift in Sources */,
				36EFB6C523CD5F90005752D5 /* RegisterView.swift in Sources */,
				36EFB68C23CCD6A8005752D5 /* SceneDelegate.swift in Sources */,
				36EFB6EE23CF3FA6005752D5 /* ActivityIndicator.swift in Sources */,
				36EFB68E23CCD6A8005752D5 /* ContentView.swift in Sources */,
				36EFB70B23D5B3BD005752D5 /* CountryOptionsView.swift in Sources */,
				36EFB70923D36824005752D5 /* GeometryGetter.swift in Sources */,
				36EFB6C723CD5FA4005752D5 /* LoginView.swift in Sources */,
				36EFB6EC23CE0BC6005752D5 /* Form.swift in Sources */,
				36EFB70D23D5C44E005752D5 /* Country.swift in Sources */,
				36EFB6BF23CD552D005752D5 /* FirebaseSession.swift in Sources */,
				36EFB6FC23CF6695005752D5 /* Person.swift in Sources */,
				36EFB6E823CE07BE005752D5 /* Constants.swift in Sources */,
			);
			runOnlyForDeploymentPostprocessing = 0;
		};
		36EFB69823CCD6AA005752D5 /* Sources */ = {
			isa = PBXSourcesBuildPhase;
			buildActionMask = 2147483647;
			files = (
				36EFB6A123CCD6AA005752D5 /* pro_contactsTests.swift in Sources */,
			);
			runOnlyForDeploymentPostprocessing = 0;
		};
		36EFB6A323CCD6AA005752D5 /* Sources */ = {
			isa = PBXSourcesBuildPhase;
			buildActionMask = 2147483647;
			files = (
				36EFB6AC23CCD6AA005752D5 /* pro_contactsUITests.swift in Sources */,
			);
			runOnlyForDeploymentPostprocessing = 0;
		};
/* End PBXSourcesBuildPhase section */

/* Begin PBXTargetDependency section */
		36EFB69E23CCD6AA005752D5 /* PBXTargetDependency */ = {
			isa = PBXTargetDependency;
			target = 36EFB68523CCD6A8005752D5 /* pro-contacts */;
			targetProxy = 36EFB69D23CCD6AA005752D5 /* PBXContainerItemProxy */;
		};
		36EFB6A923CCD6AA005752D5 /* PBXTargetDependency */ = {
			isa = PBXTargetDependency;
			target = 36EFB68523CCD6A8005752D5 /* pro-contacts */;
			targetProxy = 36EFB6A823CCD6AA005752D5 /* PBXContainerItemProxy */;
		};
/* End PBXTargetDependency section */

/* Begin PBXVariantGroup section */
		36EFB69423CCD6AA005752D5 /* LaunchScreen.storyboard */ = {
			isa = PBXVariantGroup;
			children = (
				36EFB69523CCD6AA005752D5 /* Base */,
			);
			name = LaunchScreen.storyboard;
			sourceTree = "<group>";
		};
/* End PBXVariantGroup section */

/* Begin XCBuildConfiguration section */
		36EFB6AE23CCD6AA005752D5 /* Debug */ = {
			isa = XCBuildConfiguration;
			buildSettings = {
				ALWAYS_SEARCH_USER_PATHS = NO;
				CLANG_ANALYZER_NONNULL = YES;
				CLANG_ANALYZER_NUMBER_OBJECT_CONVERSION = YES_AGGRESSIVE;
				CLANG_CXX_LANGUAGE_STANDARD = "gnu++14";
				CLANG_CXX_LIBRARY = "libc++";
				CLANG_ENABLE_MODULES = YES;
				CLANG_ENABLE_OBJC_ARC = YES;
				CLANG_ENABLE_OBJC_WEAK = YES;
				CLANG_WARN_BLOCK_CAPTURE_AUTORELEASING = YES;
				CLANG_WARN_BOOL_CONVERSION = YES;
				CLANG_WARN_COMMA = YES;
				CLANG_WARN_CONSTANT_CONVERSION = YES;
				CLANG_WARN_DEPRECATED_OBJC_IMPLEMENTATIONS = YES;
				CLANG_WARN_DIRECT_OBJC_ISA_USAGE = YES_ERROR;
				CLANG_WARN_DOCUMENTATION_COMMENTS = YES;
				CLANG_WARN_EMPTY_BODY = YES;
				CLANG_WARN_ENUM_CONVERSION = YES;
				CLANG_WARN_INFINITE_RECURSION = YES;
				CLANG_WARN_INT_CONVERSION = YES;
				CLANG_WARN_NON_LITERAL_NULL_CONVERSION = YES;
				CLANG_WARN_OBJC_IMPLICIT_RETAIN_SELF = YES;
				CLANG_WARN_OBJC_LITERAL_CONVERSION = YES;
				CLANG_WARN_OBJC_ROOT_CLASS = YES_ERROR;
				CLANG_WARN_RANGE_LOOP_ANALYSIS = YES;
				CLANG_WARN_STRICT_PROTOTYPES = YES;
				CLANG_WARN_SUSPICIOUS_MOVE = YES;
				CLANG_WARN_UNGUARDED_AVAILABILITY = YES_AGGRESSIVE;
				CLANG_WARN_UNREACHABLE_CODE = YES;
				CLANG_WARN__DUPLICATE_METHOD_MATCH = YES;
				COPY_PHASE_STRIP = NO;
				DEBUG_INFORMATION_FORMAT = dwarf;
				ENABLE_STRICT_OBJC_MSGSEND = YES;
				ENABLE_TESTABILITY = YES;
				GCC_C_LANGUAGE_STANDARD = gnu11;
				GCC_DYNAMIC_NO_PIC = NO;
				GCC_NO_COMMON_BLOCKS = YES;
				GCC_OPTIMIZATION_LEVEL = 0;
				GCC_PREPROCESSOR_DEFINITIONS = (
					"DEBUG=1",
					"$(inherited)",
				);
				GCC_WARN_64_TO_32_BIT_CONVERSION = YES;
				GCC_WARN_ABOUT_RETURN_TYPE = YES_ERROR;
				GCC_WARN_UNDECLARED_SELECTOR = YES;
				GCC_WARN_UNINITIALIZED_AUTOS = YES_AGGRESSIVE;
				GCC_WARN_UNUSED_FUNCTION = YES;
				GCC_WARN_UNUSED_VARIABLE = YES;
				IPHONEOS_DEPLOYMENT_TARGET = 13.2;
				MTL_ENABLE_DEBUG_INFO = INCLUDE_SOURCE;
				MTL_FAST_MATH = YES;
				ONLY_ACTIVE_ARCH = YES;
				SDKROOT = iphoneos;
				SWIFT_ACTIVE_COMPILATION_CONDITIONS = DEBUG;
				SWIFT_OPTIMIZATION_LEVEL = "-Onone";
			};
			name = Debug;
		};
		36EFB6AF23CCD6AA005752D5 /* Release */ = {
			isa = XCBuildConfiguration;
			buildSettings = {
				ALWAYS_SEARCH_USER_PATHS = NO;
				CLANG_ANALYZER_NONNULL = YES;
				CLANG_ANALYZER_NUMBER_OBJECT_CONVERSION = YES_AGGRESSIVE;
				CLANG_CXX_LANGUAGE_STANDARD = "gnu++14";
				CLANG_CXX_LIBRARY = "libc++";
				CLANG_ENABLE_MODULES = YES;
				CLANG_ENABLE_OBJC_ARC = YES;
				CLANG_ENABLE_OBJC_WEAK = YES;
				CLANG_WARN_BLOCK_CAPTURE_AUTORELEASING = YES;
				CLANG_WARN_BOOL_CONVERSION = YES;
				CLANG_WARN_COMMA = YES;
				CLANG_WARN_CONSTANT_CONVERSION = YES;
				CLANG_WARN_DEPRECATED_OBJC_IMPLEMENTATIONS = YES;
				CLANG_WARN_DIRECT_OBJC_ISA_USAGE = YES_ERROR;
				CLANG_WARN_DOCUMENTATION_COMMENTS = YES;
				CLANG_WARN_EMPTY_BODY = YES;
				CLANG_WARN_ENUM_CONVERSION = YES;
				CLANG_WARN_INFINITE_RECURSION = YES;
				CLANG_WARN_INT_CONVERSION = YES;
				CLANG_WARN_NON_LITERAL_NULL_CONVERSION = YES;
				CLANG_WARN_OBJC_IMPLICIT_RETAIN_SELF = YES;
				CLANG_WARN_OBJC_LITERAL_CONVERSION = YES;
				CLANG_WARN_OBJC_ROOT_CLASS = YES_ERROR;
				CLANG_WARN_RANGE_LOOP_ANALYSIS = YES;
				CLANG_WARN_STRICT_PROTOTYPES = YES;
				CLANG_WARN_SUSPICIOUS_MOVE = YES;
				CLANG_WARN_UNGUARDED_AVAILABILITY = YES_AGGRESSIVE;
				CLANG_WARN_UNREACHABLE_CODE = YES;
				CLANG_WARN__DUPLICATE_METHOD_MATCH = YES;
				COPY_PHASE_STRIP = NO;
				DEBUG_INFORMATION_FORMAT = "dwarf-with-dsym";
				ENABLE_NS_ASSERTIONS = NO;
				ENABLE_STRICT_OBJC_MSGSEND = YES;
				GCC_C_LANGUAGE_STANDARD = gnu11;
				GCC_NO_COMMON_BLOCKS = YES;
				GCC_WARN_64_TO_32_BIT_CONVERSION = YES;
				GCC_WARN_ABOUT_RETURN_TYPE = YES_ERROR;
				GCC_WARN_UNDECLARED_SELECTOR = YES;
				GCC_WARN_UNINITIALIZED_AUTOS = YES_AGGRESSIVE;
				GCC_WARN_UNUSED_FUNCTION = YES;
				GCC_WARN_UNUSED_VARIABLE = YES;
				IPHONEOS_DEPLOYMENT_TARGET = 13.2;
				MTL_ENABLE_DEBUG_INFO = NO;
				MTL_FAST_MATH = YES;
				SDKROOT = iphoneos;
				SWIFT_COMPILATION_MODE = wholemodule;
				SWIFT_OPTIMIZATION_LEVEL = "-O";
				VALIDATE_PRODUCT = YES;
			};
			name = Release;
		};
		36EFB6B123CCD6AA005752D5 /* Debug */ = {
			isa = XCBuildConfiguration;
			baseConfigurationReference = 116D0322488B5CAB888A2F39 /* Pods-pro-contacts.debug.xcconfig */;
			buildSettings = {
				ASSETCATALOG_COMPILER_APPICON_NAME = AppIcon;
				CODE_SIGN_STYLE = Automatic;
				DEVELOPMENT_ASSET_PATHS = "\"pro-contacts/Preview Content\"";
				DEVELOPMENT_TEAM = BKHBZWVSSS;
				ENABLE_PREVIEWS = YES;
				INFOPLIST_FILE = "pro-contacts/Info.plist";
				LD_RUNPATH_SEARCH_PATHS = (
					"$(inherited)",
					"@executable_path/Frameworks",
				);
				PRODUCT_BUNDLE_IDENTIFIER = "com.kompilab.pro-contacts";
				PRODUCT_NAME = ProContacts;
				SWIFT_VERSION = 5.0;
				TARGETED_DEVICE_FAMILY = 1;
			};
			name = Debug;
		};
		36EFB6B223CCD6AA005752D5 /* Release */ = {
			isa = XCBuildConfiguration;
			baseConfigurationReference = 60E09324FCAAB9C89EBA63CE /* Pods-pro-contacts.release.xcconfig */;
			buildSettings = {
				ASSETCATALOG_COMPILER_APPICON_NAME = AppIcon;
				CODE_SIGN_STYLE = Automatic;
				DEVELOPMENT_ASSET_PATHS = "\"pro-contacts/Preview Content\"";
				DEVELOPMENT_TEAM = BKHBZWVSSS;
				ENABLE_PREVIEWS = YES;
				INFOPLIST_FILE = "pro-contacts/Info.plist";
				LD_RUNPATH_SEARCH_PATHS = (
					"$(inherited)",
					"@executable_path/Frameworks",
				);
				PRODUCT_BUNDLE_IDENTIFIER = "com.kompilab.pro-contacts";
				PRODUCT_NAME = ProContacts;
				SWIFT_VERSION = 5.0;
				TARGETED_DEVICE_FAMILY = 1;
			};
			name = Release;
		};
		36EFB6B423CCD6AA005752D5 /* Debug */ = {
			isa = XCBuildConfiguration;
			baseConfigurationReference = 46180F742EDEB03C22918550 /* Pods-pro-contactsTests.debug.xcconfig */;
			buildSettings = {
				ALWAYS_EMBED_SWIFT_STANDARD_LIBRARIES = YES;
				BUNDLE_LOADER = "$(TEST_HOST)";
				CODE_SIGN_STYLE = Automatic;
				DEVELOPMENT_TEAM = BKHBZWVSSS;
				INFOPLIST_FILE = "pro-contactsTests/Info.plist";
				IPHONEOS_DEPLOYMENT_TARGET = 13.2;
				LD_RUNPATH_SEARCH_PATHS = (
					"$(inherited)",
					"@executable_path/Frameworks",
					"@loader_path/Frameworks",
				);
				PRODUCT_BUNDLE_IDENTIFIER = "com.kompilab.pro-contactsTests";
				PRODUCT_NAME = "$(TARGET_NAME)";
				SWIFT_VERSION = 5.0;
				TARGETED_DEVICE_FAMILY = "1,2";
				TEST_HOST = "$(BUILT_PRODUCTS_DIR)/pro-contacts.app/pro-contacts";
			};
			name = Debug;
		};
		36EFB6B523CCD6AA005752D5 /* Release */ = {
			isa = XCBuildConfiguration;
			baseConfigurationReference = EEA030DEE45E32F7A9B268C0 /* Pods-pro-contactsTests.release.xcconfig */;
			buildSettings = {
				ALWAYS_EMBED_SWIFT_STANDARD_LIBRARIES = YES;
				BUNDLE_LOADER = "$(TEST_HOST)";
				CODE_SIGN_STYLE = Automatic;
				DEVELOPMENT_TEAM = BKHBZWVSSS;
				INFOPLIST_FILE = "pro-contactsTests/Info.plist";
				IPHONEOS_DEPLOYMENT_TARGET = 13.2;
				LD_RUNPATH_SEARCH_PATHS = (
					"$(inherited)",
					"@executable_path/Frameworks",
					"@loader_path/Frameworks",
				);
				PRODUCT_BUNDLE_IDENTIFIER = "com.kompilab.pro-contactsTests";
				PRODUCT_NAME = "$(TARGET_NAME)";
				SWIFT_VERSION = 5.0;
				TARGETED_DEVICE_FAMILY = "1,2";
				TEST_HOST = "$(BUILT_PRODUCTS_DIR)/pro-contacts.app/pro-contacts";
			};
			name = Release;
		};
		36EFB6B723CCD6AA005752D5 /* Debug */ = {
			isa = XCBuildConfiguration;
			baseConfigurationReference = 5D0CAD008271982A90E9C747 /* Pods-pro-contactsUITests.debug.xcconfig */;
			buildSettings = {
				ALWAYS_EMBED_SWIFT_STANDARD_LIBRARIES = YES;
				CODE_SIGN_STYLE = Automatic;
				DEVELOPMENT_TEAM = BKHBZWVSSS;
				INFOPLIST_FILE = "pro-contactsUITests/Info.plist";
				LD_RUNPATH_SEARCH_PATHS = (
					"$(inherited)",
					"@executable_path/Frameworks",
					"@loader_path/Frameworks",
				);
				PRODUCT_BUNDLE_IDENTIFIER = "com.kompilab.pro-contactsUITests";
				PRODUCT_NAME = "$(TARGET_NAME)";
				SWIFT_VERSION = 5.0;
				TARGETED_DEVICE_FAMILY = "1,2";
				TEST_TARGET_NAME = "pro-contacts";
			};
			name = Debug;
		};
		36EFB6B823CCD6AA005752D5 /* Release */ = {
			isa = XCBuildConfiguration;
			baseConfigurationReference = C77E1FAC29E1571B934ABCEC /* Pods-pro-contactsUITests.release.xcconfig */;
			buildSettings = {
				ALWAYS_EMBED_SWIFT_STANDARD_LIBRARIES = YES;
				CODE_SIGN_STYLE = Automatic;
				DEVELOPMENT_TEAM = BKHBZWVSSS;
				INFOPLIST_FILE = "pro-contactsUITests/Info.plist";
				LD_RUNPATH_SEARCH_PATHS = (
					"$(inherited)",
					"@executable_path/Frameworks",
					"@loader_path/Frameworks",
				);
				PRODUCT_BUNDLE_IDENTIFIER = "com.kompilab.pro-contactsUITests";
				PRODUCT_NAME = "$(TARGET_NAME)";
				SWIFT_VERSION = 5.0;
				TARGETED_DEVICE_FAMILY = "1,2";
				TEST_TARGET_NAME = "pro-contacts";
			};
			name = Release;
		};
/* End XCBuildConfiguration section */

/* Begin XCConfigurationList section */
		36EFB68123CCD6A8005752D5 /* Build configuration list for PBXProject "pro-contacts" */ = {
			isa = XCConfigurationList;
			buildConfigurations = (
				36EFB6AE23CCD6AA005752D5 /* Debug */,
				36EFB6AF23CCD6AA005752D5 /* Release */,
			);
			defaultConfigurationIsVisible = 0;
			defaultConfigurationName = Release;
		};
		36EFB6B023CCD6AA005752D5 /* Build configuration list for PBXNativeTarget "pro-contacts" */ = {
			isa = XCConfigurationList;
			buildConfigurations = (
				36EFB6B123CCD6AA005752D5 /* Debug */,
				36EFB6B223CCD6AA005752D5 /* Release */,
			);
			defaultConfigurationIsVisible = 0;
			defaultConfigurationName = Release;
		};
		36EFB6B323CCD6AA005752D5 /* Build configuration list for PBXNativeTarget "pro-contactsTests" */ = {
			isa = XCConfigurationList;
			buildConfigurations = (
				36EFB6B423CCD6AA005752D5 /* Debug */,
				36EFB6B523CCD6AA005752D5 /* Release */,
			);
			defaultConfigurationIsVisible = 0;
			defaultConfigurationName = Release;
		};
		36EFB6B623CCD6AA005752D5 /* Build configuration list for PBXNativeTarget "pro-contactsUITests" */ = {
			isa = XCConfigurationList;
			buildConfigurations = (
				36EFB6B723CCD6AA005752D5 /* Debug */,
				36EFB6B823CCD6AA005752D5 /* Release */,
			);
			defaultConfigurationIsVisible = 0;
			defaultConfigurationName = Release;
		};
/* End XCConfigurationList section */
	};
	rootObject = 36EFB67E23CCD6A8005752D5 /* Project object */;
}
